
Microsoft Visual Studio Solution File, Format Version 12.00
# Visual Studio Version 16
VisualStudioVersion = 16.0.31729.503
MinimumVisualStudioVersion = 10.0.40219.1
Project("{FAE04EC0-301F-11D3-BF4B-00C04F79EFBC}") = "ConsoleApp3", "ConsoleApp3\ConsoleApp3.csproj", "{F6E91B37-6FA8-4E6B-A0CE-07F2DEF77355}"
EndProject
Global
	GlobalSection(SolutionConfigurationPlatforms) = preSolution
		Debug|Any CPU = Debug|Any CPU
		Release|Any CPU = Release|Any CPU
	EndGlobalSection
	GlobalSection(ProjectConfigurationPlatforms) = postSolution
		{F6E91B37-6FA8-4E6B-A0CE-07F2DEF77355}.Debug|Any CPU.ActiveCfg = Debug|Any CPU
		{F6E91B37-6FA8-4E6B-A0CE-07F2DEF77355}.Debug|Any CPU.Build.0 = Debug|Any CPU
		{F6E91B37-6FA8-4E6B-A0CE-07F2DEF77355}.Release|Any CPU.ActiveCfg = Release|Any CPU
		{F6E91B37-6FA8-4E6B-A0CE-07F2DEF77355}.Release|Any CPU.Build.0 = Release|Any CPU
	EndGlobalSection
	GlobalSection(SolutionProperties) = preSolution
		HideSolutionNode = FALSE
	EndGlobalSection
	GlobalSection(ExtensibilityGlobals) = postSolution
		SolutionGuid = {F8E8AB9C-EE85-47E8-95CA-7150C03061B2}
	EndGlobalSection
EndGlobal
